// !$*UTF8*$!
{
  archiveVersion = 1;
  classes = {};
  objectVersion = 52;
  objects = {

    1D6058900D05DD3D006BFB54 /* Project object */ = {
      isa = PBXProject;
      buildConfigurationList = 1D6058910D05DD3E006BFB54 /* Build configuration list */;
      compatibilityVersion = "Xcode 12.0";
      developmentRegion = en;
      hasScannedForEncodings = 0;
      mainGroup = C26F24321F4A5E3500169F2D /* Main Group */;
      productRefGroup = C26F24321F4A5E3500169F2D /* Main Group */;
      projectDirPath = "";
      projectRoot = "";
      targets = (
        C26F24341F4A5E3500169F2D /* InsightMateApp */,
      );
    };

    C26F24321F4A5E3500169F2D /* Main Group */ = {
      isa = PBXGroup;
      children = (
        C26F24351F4A5E3500169F2D /* Sources */, 
        C26F24381F4A5E3500169F2D /* Resources */, 
        C26F24361F4A5E3500169F2D /* Products */, 
      );
      sourceTree = "<group>";
    };

    C26F24351F4A5E3500169F2D /* Sources */ = {
      isa = PBXGroup;
      children = (
        C26F243B1F4A5E3500169F2D /* InsightMateApp.swift */,
      );
      path = Sources;
      sourceTree = "<group>";
    };

    C26F24381F4A5E3500169F2D /* Resources */ = {
      isa = PBXGroup;
      children = (
        C26F243C1F4A5E3500169F2D /* Assets.xcassets */,
        C26F243D1F4A5E3500169F2D /* py */,
      );
      path = Resources;
      sourceTree = "<group>";
    };

    C26F24361F4A5E3500169F2D /* Products */ = {
      isa = PBXGroup;
      children = (
        C26F24341F4A5E3500169F2E /* InsightMateApp.app */,
      );
      name = Products;
      sourceTree = "<group>";
    };

    C26F24341F4A5E3500169F2D /* InsightMateApp */ = {
      isa = PBXNativeTarget;
      buildConfigurationList = C26F24451F4A5E4B00169F2D /* Build configuration list for PBXNativeTarget \"InsightMateApp\" */;
      buildPhases = (
        C26F24401F4A5E4000169F2D /* Sources */, 
        C26F24411F4A5E4000169F2D /* Resources */,
      );
      buildRules = (
      );
      dependencies = (
      );
      name = InsightMateApp;
      productName = InsightMateApp;
      productReference = C26F24341F4A5E3500169F2E /* InsightMateApp.app */;
      productType = "com.apple.product-type.application";
    };

    C26F24401F4A5E4000169F2D /* Sources */ = {
      isa = PBXSourcesBuildPhase;
      buildActionMask = 2147483647;
      files = (
        C26F24421F4A5E4300169F2D /* InsightMateApp.swift in Sources */,
      );
      runOnlyForDeploymentPostprocessing = 0;
    };

    C26F24411F4A5E4000169F2D /* Resources */ = {
      isa = PBXResourcesBuildPhase;
      buildActionMask = 2147483647;
      files = (
        C26F24431F4A5E4300169F2D /* Assets.xcassets in Resources */,
        C26F24441F4A5E4300169F2D /* py in Resources */,
      );
      runOnlyForDeploymentPostprocessing = 0;
    };

    C26F243B1F4A5E3500169F2D /* InsightMateApp.swift */ = { isa = PBXFileReference; lastKnownFileType = sourcecode.swift; path = InsightMateApp.swift; sourceTree = "<group>"; };
    C26F243C1F4A5E3500169F2D /* Assets.xcassets */ = { isa = PBXFileReference; lastKnownFileType = folder.assetcatalog; path = Assets.xcassets; sourceTree = "<group>"; };
    C26F243D1F4A5E3500169F2D /* py */ = { isa = PBXFileReference; lastKnownFileType = folder; path = py; sourceTree = "<group>"; };
    C26F24341F4A5E3500169F2E /* InsightMateApp.app */ = { isa = PBXFileReference; explicitFileType = wrapper.application; path = InsightMateApp.app; sourceTree = BUILT_PRODUCTS_DIR; };

    /* Build configuration list for PBXProject "InsightMateApp" */
    1D6058910D05DD3E006BFB54 = {
      isa = XCConfigurationList;
      buildConfigurations = (
        C26F24461F4A5E4B00169F2D /* Debug */,
        C26F24471F4A5E4B00169F2D /* Release */,
      );
      defaultConfigurationIsVisible = 0;
      defaultConfigurationName = Release;
    };

    /* Build configuration list for PBXNativeTarget "InsightMateApp" */
    C26F24451F4A5E4B00169F2D = {
      isa = XCConfigurationList;
      buildConfigurations = (
        C26F24481F4A5E4B00169F2D /* Debug */,
        C26F24491F4A5E4B00169F2D /* Release */,
      );
      defaultConfigurationIsVisible = 0;
      defaultConfigurationName = Release;
    };

    C26F24461F4A5E4B00169F2D /* Debug */ = {
      isa = XCBuildConfiguration;
      buildSettings = {
        PRODUCT_NAME = "InsightMateApp";
        SWIFT_VERSION = 5.0;
        MACOSX_DEPLOYMENT_TARGET = 11.0;
      };
      name = Debug;
    };
    C26F24471F4A5E4B00169F2D /* Release */ = {
      isa = XCBuildConfiguration;
      buildSettings = {
        PRODUCT_NAME = "InsightMateApp";
        SWIFT_VERSION = 5.0;
        MACOSX_DEPLOYMENT_TARGET = 11.0;
      };
      name = Release;
    };

    C26F24481F4A5E4B00169F2D /* Debug */ = {
      isa = XCBuildConfiguration;
      buildSettings = {
        INFOPLIST_FILE = Resources/Info.plist;
        PRODUCT_BUNDLE_IDENTIFIER = com.example.InsightMate;
        PRODUCT_NAME = "InsightMate";
        SWIFT_VERSION = 5.0;
        CODE_SIGN_STYLE = Automatic;
        ENABLE_HARDENED_RUNTIME = YES;
        SYSTEM_EXTENSIONS_FOLDER = "$(PROJECT_DIR)";
        ASSETCATALOG_COMPILER_APPICON_NAME = "AppIcon";
      };
      name = Debug;
    };
    C26F24491F4A5E4B00169F2D /* Release */ = {
      isa = XCBuildConfiguration;
      buildSettings = {
        INFOPLIST_FILE = Resources/Info.plist;
        PRODUCT_BUNDLE_IDENTIFIER = com.example.InsightMate;
        PRODUCT_NAME = "InsightMate";
        SWIFT_VERSION = 5.0;
        CODE_SIGN_STYLE = Automatic;
        ENABLE_HARDENED_RUNTIME = YES;
        SYSTEM_EXTENSIONS_FOLDER = "$(PROJECT_DIR)";
        ASSETCATALOG_COMPILER_APPICON_NAME = "AppIcon";
      };
      name = Release;
    };

  };
  rootObject = 1D6058900D05DD3D006BFB54 /* Project object */;
}
